<?xml version="1.0" encoding="UTF-8" standalone="yes" ?>
<CodeBlocks_project_file>
	<FileVersion major="1" minor="6" />
	<Project>
		<Option title="ADMIN_COLEGIO" />
		<Option pch_mode="2" />
		<Option compiler="gcc" />
		<Build>
			<Target title="Debug">
				<Option output="bin/Debug/ADMIN_COLEGIO" prefix_auto="1" extension_auto="1" />
				<Option object_output="obj/Debug/" />
				<Option type="1" />
				<Option compiler="gcc" />
				<Compiler>
					<Add option="-g" />
					<Add directory="../ADMIN_COLEGIO" />
				</Compiler>
			</Target>
			<Target title="Release">
				<Option output="bin/Release/ADMIN_COLEGIO" prefix_auto="1" extension_auto="1" />
				<Option object_output="obj/Release/" />
				<Option type="1" />
				<Option compiler="gcc" />
				<Compiler>
					<Add option="-O2" />
					<Add directory="../ADMIN_COLEGIO" />
				</Compiler>
				<Linker>
					<Add option="-s" />
				</Linker>
			</Target>
		</Build>
		<Compiler>
			<Add option="-Wall" />
			<Add option="-fexceptions" />
		</Compiler>
		<Unit filename="Alumno.cpp" />
		<Unit filename="Alumno.h" />
		<Unit filename="AlumnoManager.cpp" />
		<Unit filename="AlumnoManager.h" />
		<Unit filename="ArchivoAlumno.cpp" />
		<Unit filename="ArchivoAlumno.h" />
		<Unit filename="ArchivoInscripcion.cpp" />
		<Unit filename="ArchivoInscripcion.h" />
		<Unit filename="Curso.cpp" />
		<Unit filename="Curso.h" />
		<Unit filename="CursoArchivo.cpp" />
		<Unit filename="CursoArchivo.h" />
		<Unit filename="Fecha.cpp" />
		<Unit filename="Fecha.h" />
		<Unit filename="InscripcionesManager.cpp" />
		<Unit filename="InscripcionesManager.h" />
		<Unit filename="Materia.cpp" />
		<Unit filename="Materia.h" />
		<Unit filename="MateriaArchivo.cpp" />
		<Unit filename="MateriaArchivo.h" />
		<Unit filename="MenuBusquedaAlumno.cpp" />
		<Unit filename="MenuBusquedaAlumno.h" />
		<Unit filename="MenuBusquedas.cpp" />
		<Unit filename="MenuBusquedas.h" />
		<Unit filename="MenuInscripciones.cpp" />
		<Unit filename="MenuInscripciones.h" />
		<Unit filename="Menus.cpp" />
		<Unit filename="Menus.h" />
		<Unit filename="Persona.cpp" />
		<Unit filename="Persona.h" />
		<Unit filename="inscripciones.cpp" />
		<Unit filename="inscripciones.h" />
		<Unit filename="main.cpp" />
		<Extensions>
			<lib_finder disable_auto="1" />
		</Extensions>
	</Project>
</CodeBlocks_project_file>
